
Microsoft Visual Studio Solution File, Format Version 12.00
# Visual Studio Version 16
VisualStudioVersion = 16.0.31515.178
MinimumVisualStudioVersion = 10.0.40219.1
Project("{9A19103F-16F7-4668-BE54-9A1E7A4F7556}") = "FirstTask", "FirstTask\FirstTask.csproj", "{F4275ACF-272C-4A05-8025-25590CD04E4D}"
EndProject
Project("{9A19103F-16F7-4668-BE54-9A1E7A4F7556}") = "SecondTask", "SecondTask\SecondTask.csproj", "{0056F2B8-DEAE-44A1-8B8D-C102CE78C08A}"
EndProject
Project("{2150E333-8FDC-42A3-9474-1A3956D46DE8}") = "Solution Items", "Solution Items", "{2F9D0D85-38E5-4278-BD8A-4090652BF582}"
	ProjectSection(SolutionItems) = preProject
		.gitattributes = .gitattributes
		.gitignore = .gitignore
	EndProjectSection
EndProject
Project("{9A19103F-16F7-4668-BE54-9A1E7A4F7556}") = "ThirdTask", "ThirdTask\ThirdTask.csproj", "{60802E5F-81A0-4B41-A39F-29C66DE680CE}"
EndProject
Project("{9A19103F-16F7-4668-BE54-9A1E7A4F7556}") = "FourthTask", "FourthTask\FourthTask.csproj", "{1ABEE31E-8932-4C7F-8F88-93E03557AFEA}"
EndProject
Global
	GlobalSection(SolutionConfigurationPlatforms) = preSolution
		Debug|Any CPU = Debug|Any CPU
		Release|Any CPU = Release|Any CPU
	EndGlobalSection
	GlobalSection(ProjectConfigurationPlatforms) = postSolution
		{F4275ACF-272C-4A05-8025-25590CD04E4D}.Debug|Any CPU.ActiveCfg = Debug|Any CPU
		{F4275ACF-272C-4A05-8025-25590CD04E4D}.Debug|Any CPU.Build.0 = Debug|Any CPU
		{F4275ACF-272C-4A05-8025-25590CD04E4D}.Release|Any CPU.ActiveCfg = Release|Any CPU
		{F4275ACF-272C-4A05-8025-25590CD04E4D}.Release|Any CPU.Build.0 = Release|Any CPU
		{0056F2B8-DEAE-44A1-8B8D-C102CE78C08A}.Debug|Any CPU.ActiveCfg = Debug|Any CPU
		{0056F2B8-DEAE-44A1-8B8D-C102CE78C08A}.Debug|Any CPU.Build.0 = Debug|Any CPU
		{0056F2B8-DEAE-44A1-8B8D-C102CE78C08A}.Release|Any CPU.ActiveCfg = Release|Any CPU
		{0056F2B8-DEAE-44A1-8B8D-C102CE78C08A}.Release|Any CPU.Build.0 = Release|Any CPU
		{60802E5F-81A0-4B41-A39F-29C66DE680CE}.Debug|Any CPU.ActiveCfg = Debug|Any CPU
		{60802E5F-81A0-4B41-A39F-29C66DE680CE}.Debug|Any CPU.Build.0 = Debug|Any CPU
		{60802E5F-81A0-4B41-A39F-29C66DE680CE}.Release|Any CPU.ActiveCfg = Release|Any CPU
		{60802E5F-81A0-4B41-A39F-29C66DE680CE}.Release|Any CPU.Build.0 = Release|Any CPU
		{1ABEE31E-8932-4C7F-8F88-93E03557AFEA}.Debug|Any CPU.ActiveCfg = Debug|Any CPU
		{1ABEE31E-8932-4C7F-8F88-93E03557AFEA}.Debug|Any CPU.Build.0 = Debug|Any CPU
		{1ABEE31E-8932-4C7F-8F88-93E03557AFEA}.Release|Any CPU.ActiveCfg = Release|Any CPU
		{1ABEE31E-8932-4C7F-8F88-93E03557AFEA}.Release|Any CPU.Build.0 = Release|Any CPU
	EndGlobalSection
	GlobalSection(SolutionProperties) = preSolution
		HideSolutionNode = FALSE
	EndGlobalSection
	GlobalSection(ExtensibilityGlobals) = postSolution
		SolutionGuid = {B1677E6B-1871-40F5-969A-8E37B340114A}
	EndGlobalSection
EndGlobal
